
Microsoft Visual Studio Solution File, Format Version 12.00
# Visual Studio Version 17
VisualStudioVersion = 17.9.34728.123
MinimumVisualStudioVersion = 10.0.40219.1
Project("{FAE04EC0-301F-11D3-BF4B-00C04F79EFBC}") = "Les5ON", "Les5ON\Les5ON.csproj", "{7C56A3FC-7617-4334-8BBA-9FFDD751FB63}"
EndProject
Global
	GlobalSection(SolutionConfigurationPlatforms) = preSolution
		Debug|Any CPU = Debug|Any CPU
		Release|Any CPU = Release|Any CPU
	EndGlobalSection
	GlobalSection(ProjectConfigurationPlatforms) = postSolution
		{7C56A3FC-7617-4334-8BBA-9FFDD751FB63}.Debug|Any CPU.ActiveCfg = Debug|Any CPU
		{7C56A3FC-7617-4334-8BBA-9FFDD751FB63}.Debug|Any CPU.Build.0 = Debug|Any CPU
		{7C56A3FC-7617-4334-8BBA-9FFDD751FB63}.Release|Any CPU.ActiveCfg = Release|Any CPU
		{7C56A3FC-7617-4334-8BBA-9FFDD751FB63}.Release|Any CPU.Build.0 = Release|Any CPU
	EndGlobalSection
	GlobalSection(SolutionProperties) = preSolution
		HideSolutionNode = FALSE
	EndGlobalSection
	GlobalSection(ExtensibilityGlobals) = postSolution
		SolutionGuid = {92658CAE-AC71-4B8C-A16E-15B1597A05F5}
	EndGlobalSection
EndGlobal
